
Microsoft Visual Studio Solution File, Format Version 12.00
# Visual Studio 15
VisualStudioVersion = 15.0.27703.2042
MinimumVisualStudioVersion = 10.0.40219.1
Project("{9A19103F-16F7-4668-BE54-9A1E7A4F7556}") = "AspNet.Docker.Integration", "AspNet.Docker.Integration\AspNet.Docker.Integration.csproj", "{51E01604-403C-4754-9682-4E8D0E730B7F}"
EndProject
Project("{FAE04EC0-301F-11D3-BF4B-00C04F79EFBC}") = "AspNet.Docker.Integration.Repository", "AspNet.Docker.Integration.Repository\AspNet.Docker.Integration.Repository.csproj", "{DFA58646-9461-47AA-B0EB-AB6469227F26}"
EndProject
Global
	GlobalSection(SolutionConfigurationPlatforms) = preSolution
		Debug|Any CPU = Debug|Any CPU
		Release|Any CPU = Release|Any CPU
	EndGlobalSection
	GlobalSection(ProjectConfigurationPlatforms) = postSolution
		{51E01604-403C-4754-9682-4E8D0E730B7F}.Debug|Any CPU.ActiveCfg = Debug|Any CPU
		{51E01604-403C-4754-9682-4E8D0E730B7F}.Debug|Any CPU.Build.0 = Debug|Any CPU
		{51E01604-403C-4754-9682-4E8D0E730B7F}.Release|Any CPU.ActiveCfg = Release|Any CPU
		{51E01604-403C-4754-9682-4E8D0E730B7F}.Release|Any CPU.Build.0 = Release|Any CPU
		{DFA58646-9461-47AA-B0EB-AB6469227F26}.Debug|Any CPU.ActiveCfg = Debug|Any CPU
		{DFA58646-9461-47AA-B0EB-AB6469227F26}.Debug|Any CPU.Build.0 = Debug|Any CPU
		{DFA58646-9461-47AA-B0EB-AB6469227F26}.Release|Any CPU.ActiveCfg = Release|Any CPU
		{DFA58646-9461-47AA-B0EB-AB6469227F26}.Release|Any CPU.Build.0 = Release|Any CPU
	EndGlobalSection
	GlobalSection(SolutionProperties) = preSolution
		HideSolutionNode = FALSE
	EndGlobalSection
	GlobalSection(ExtensibilityGlobals) = postSolution
		SolutionGuid = {0AFFB1C6-2116-470A-ADE5-8E010C2FA020}
	EndGlobalSection
EndGlobal
